
Microsoft Visual Studio Solution File, Format Version 12.00
# Visual Studio Version 16
VisualStudioVersion = 16.0.30413.136
MinimumVisualStudioVersion = 10.0.40219.1
Project("{FAE04EC0-301F-11D3-BF4B-00C04F79EFBC}") = "Fd-DBC", "Fd-DBC\Fd-DBC.csproj", "{1688AD57-7C0E-4614-9DEC-968AD09D4F14}"
EndProject
Global
	GlobalSection(SolutionConfigurationPlatforms) = preSolution
		Debug|Any CPU = Debug|Any CPU
		Release|Any CPU = Release|Any CPU
	EndGlobalSection
	GlobalSection(ProjectConfigurationPlatforms) = postSolution
		{1688AD57-7C0E-4614-9DEC-968AD09D4F14}.Debug|Any CPU.ActiveCfg = Debug|Any CPU
		{1688AD57-7C0E-4614-9DEC-968AD09D4F14}.Debug|Any CPU.Build.0 = Debug|Any CPU
		{1688AD57-7C0E-4614-9DEC-968AD09D4F14}.Release|Any CPU.ActiveCfg = Release|Any CPU
		{1688AD57-7C0E-4614-9DEC-968AD09D4F14}.Release|Any CPU.Build.0 = Release|Any CPU
	EndGlobalSection
	GlobalSection(SolutionProperties) = preSolution
		HideSolutionNode = FALSE
	EndGlobalSection
	GlobalSection(ExtensibilityGlobals) = postSolution
		SolutionGuid = {D7B15DC5-8190-4AD3-BF01-FC72EE9F96AE}
	EndGlobalSection
EndGlobal
